
Microsoft Visual Studio Solution File, Format Version 12.00
# Visual Studio 15
VisualStudioVersion = 15.0.28307.757
MinimumVisualStudioVersion = 10.0.40219.1
Project("{F2A71F9B-5D33-465A-A702-920D77279786}") = "NotificationChannelsFs", "NotificationChannelsFs\NotificationChannelsFs.fsproj", "{AA3F8FCA-B1FF-4637-A3E6-D9CCE27DB9D4}"
EndProject
Global
	GlobalSection(SolutionConfigurationPlatforms) = preSolution
		Debug|Any CPU = Debug|Any CPU
		Release|Any CPU = Release|Any CPU
	EndGlobalSection
	GlobalSection(ProjectConfigurationPlatforms) = postSolution
		{AA3F8FCA-B1FF-4637-A3E6-D9CCE27DB9D4}.Debug|Any CPU.ActiveCfg = Debug|Any CPU
		{AA3F8FCA-B1FF-4637-A3E6-D9CCE27DB9D4}.Debug|Any CPU.Build.0 = Debug|Any CPU
		{AA3F8FCA-B1FF-4637-A3E6-D9CCE27DB9D4}.Debug|Any CPU.Deploy.0 = Debug|Any CPU
		{AA3F8FCA-B1FF-4637-A3E6-D9CCE27DB9D4}.Release|Any CPU.ActiveCfg = Release|Any CPU
		{AA3F8FCA-B1FF-4637-A3E6-D9CCE27DB9D4}.Release|Any CPU.Build.0 = Release|Any CPU
		{AA3F8FCA-B1FF-4637-A3E6-D9CCE27DB9D4}.Release|Any CPU.Deploy.0 = Release|Any CPU
	EndGlobalSection
	GlobalSection(SolutionProperties) = preSolution
		HideSolutionNode = FALSE
	EndGlobalSection
	GlobalSection(ExtensibilityGlobals) = postSolution
		SolutionGuid = {4FA19B9E-F719-43BC-BFB1-26DF78C2CDC2}
	EndGlobalSection
EndGlobal
